// !$*UTF8*$!
{
	archiveVersion = 1;
	classes = {
	};
	objectVersion = 46;
	objects = {

/* Begin PBXBuildFile section */
		82A10A1C18CDC78200AA0689 /* cplusplus00.cpp in Sources */ = {isa = PBXBuildFile; fileRef = 82A10A1B18CDC78200AA0689 /* cplusplus00.cpp */; };
/* End PBXBuildFile section */

/* Begin PBXCopyFilesBuildPhase section */
		82A10A0D18CDC6B300AA0689 /* CopyFiles */ = {
			isa = PBXCopyFilesBuildPhase;
			buildActionMask = 2147483647;
			dstPath = /usr/share/man/man1/;
			dstSubfolderSpec = 0;
			files = (
			);
			runOnlyForDeploymentPostprocessing = 1;
		};
/* End PBXCopyFilesBuildPhase section */

/* Begin PBXFileReference section */
		82A10A0F18CDC6B300AA0689 /* cplusplus00 */ = {isa = PBXFileReference; explicitFileType = "compiled.mach-o.executable"; includeInIndex = 0; path = cplusplus00; sourceTree = BUILT_PRODUCTS_DIR; };
		82A10A1B18CDC78200AA0689 /* cplusplus00.cpp */ = {isa = PBXFileReference; fileEncoding = 4; lastKnownFileType = sourcecode.cpp.cpp; path = cplusplus00.cpp; sourceTree = SOURCE_ROOT; };
/* End PBXFileReference section */

/* Begin PBXFrameworksBuildPhase section */
		82A10A0C18CDC6B300AA0689 /* Frameworks */ = {
			isa = PBXFrameworksBuildPhase;
			buildActionMask = 2147483647;
			files = (
			);
			runOnlyForDeploymentPostprocessing = 0;
		};
/* End PBXFrameworksBuildPhase section */

/* Begin PBXGroup section */
		82A10A0618CDC6B300AA0689 = {
			isa = PBXGroup;
			children = (
				82A10A1118CDC6B300AA0689 /* cplusplus00 */,
				82A10A1018CDC6B300AA0689 /* Products */,
			);
			sourceTree = "<group>";
		};
		82A10A1018CDC6B300AA0689 /* Products */ = {
			isa = PBXGroup;
			children = (
				82A10A0F18CDC6B300AA0689 /* cplusplus00 */,
			);
			name = Products;
			sourceTree = "<group>";
		};
		82A10A1118CDC6B300AA0689 /* cplusplus00 */ = {
			isa = PBXGroup;
			children = (
				82A10A1B18CDC78200AA0689 /* cplusplus00.cpp */,
			);
			path = cplusplus00;
			sourceTree = "<group>";
		};
/* End PBXGroup section */

/* Begin PBXNativeTarget section */
		82A10A0E18CDC6B300AA0689 /* cplusplus00 */ = {
			isa = PBXNativeTarget;
			buildConfigurationList = 82A10A1818CDC6B300AA0689 /* Build configuration list for PBXNativeTarget "cplusplus00" */;
			buildPhases = (
				82A10A0B18CDC6B300AA0689 /* Sources */,
				82A10A0C18CDC6B300AA0689 /* Frameworks */,
				82A10A0D18CDC6B300AA0689 /* CopyFiles */,
			);
			buildRules = (
			);
			dependencies = (
			);
			name = cplusplus00;
			productName = cplusplus00;
			productReference = 82A10A0F18CDC6B300AA0689 /* cplusplus00 */;
			productType = "com.apple.product-type.tool";
		};
/* End PBXNativeTarget section */

/* Begin PBXProject section */
		82A10A0718CDC6B300AA0689 /* Project object */ = {
			isa = PBXProject;
			attributes = {
				LastUpgradeCheck = 0500;
				ORGANIZATIONNAME = "Malek Bengougam";
			};
			buildConfigurationList = 82A10A0A18CDC6B300AA0689 /* Build configuration list for PBXProject "cplusplus00" */;
			compatibilityVersion = "Xcode 3.2";
			developmentRegion = English;
			hasScannedForEncodings = 0;
			knownRegions = (
				en,
			);
			mainGroup = 82A10A0618CDC6B300AA0689;
			productRefGroup = 82A10A1018CDC6B300AA0689 /* Products */;
			projectDirPath = "";
			projectRoot = "";
			targets = (
				82A10A0E18CDC6B300AA0689 /* cplusplus00 */,
			);
		};
/* End PBXProject section */

/* Begin PBXSourcesBuildPhase section */
		82A10A0B18CDC6B300AA0689 /* Sources */ = {
			isa = PBXSourcesBuildPhase;
			buildActionMask = 2147483647;
			files = (
				82A10A1C18CDC78200AA0689 /* cplusplus00.cpp in Sources */,
			);
			runOnlyForDeploymentPostprocessing = 0;
		};
/* End PBXSourcesBuildPhase section */

/* Begin XCBuildConfiguration section */
		82A10A1618CDC6B300AA0689 /* Debug */ = {
			isa = XCBuildConfiguration;
			buildSettings = {
				ALWAYS_SEARCH_USER_PATHS = NO;
				CLANG_CXX_LANGUAGE_STANDARD = "gnu++0x";
				CLANG_CXX_LIBRARY = "libc++";
				CLANG_ENABLE_OBJC_ARC = YES;
				CLANG_WARN_BOOL_CONVERSION = YES;
				CLANG_WARN_CONSTANT_CONVERSION = YES;
				CLANG_WARN_DIRECT_OBJC_ISA_USAGE = YES_ERROR;
				CLANG_WARN_EMPTY_BODY = YES;
				CLANG_WARN_ENUM_CONVERSION = YES;
				CLANG_WARN_INT_CONVERSION = YES;
				CLANG_WARN_OBJC_ROOT_CLASS = YES_ERROR;
				CLANG_WARN__DUPLICATE_METHOD_MATCH = YES;
				COPY_PHASE_STRIP = NO;
				GCC_C_LANGUAGE_STANDARD = gnu99;
				GCC_DYNAMIC_NO_PIC = NO;
				GCC_ENABLE_OBJC_EXCEPTIONS = YES;
				GCC_OPTIMIZATION_LEVEL = 0;
				GCC_PREPROCESSOR_DEFINITIONS = (
					"DEBUG=1",
					"$(inherited)",
				);
				GCC_SYMBOLS_PRIVATE_EXTERN = NO;
				GCC_WARN_64_TO_32_BIT_CONVERSION = YES;
				GCC_WARN_ABOUT_RETURN_TYPE = YES_ERROR;
				GCC_WARN_UNDECLARED_SELECTOR = YES;
				GCC_WARN_UNINITIALIZED_AUTOS = YES;
				GCC_WARN_UNUSED_FUNCTION = YES;
				GCC_WARN_UNUSED_VARIABLE = YES;
				MACOSX_DEPLOYMENT_TARGET = 10.9;
				ONLY_ACTIVE_ARCH = YES;
				SDKROOT = macosx;
			};
			name = Debug;
		};
		82A10A1718CDC6B300AA0689 /* Release */ = {
			isa = XCBuildConfiguration;
			buildSettings = {
				ALWAYS_SEARCH_USER_PATHS = NO;
				CLANG_CXX_LANGUAGE_STANDARD = "gnu++0x";
				CLANG_CXX_LIBRARY = "libc++";
				CLANG_ENABLE_OBJC_ARC = YES;
				CLANG_WARN_BOOL_CONVERSION = YES;
				CLANG_WARN_CONSTANT_CONVERSION = YES;
				CLANG_WARN_DIRECT_OBJC_ISA_USAGE = YES_ERROR;
				CLANG_WARN_EMPTY_BODY = YES;
				CLANG_WARN_ENUM_CONVERSION = YES;
				CLANG_WARN_INT_CONVERSION = YES;
				CLANG_WARN_OBJC_ROOT_CLASS = YES_ERROR;
				CLANG_WARN__DUPLICATE_METHOD_MATCH = YES;
				COPY_PHASE_STRIP = YES;
				DEBUG_INFORMATION_FORMAT = "dwarf-with-dsym";
				ENABLE_NS_ASSERTIONS = NO;
				GCC_C_LANGUAGE_STANDARD = gnu99;
				GCC_ENABLE_OBJC_EXCEPTIONS = YES;
				GCC_WARN_64_TO_32_BIT_CONVERSION = YES;
				GCC_WARN_ABOUT_RETURN_TYPE = YES_ERROR;
				GCC_WARN_UNDECLARED_SELECTOR = YES;
				GCC_WARN_UNINITIALIZED_AUTOS = YES;
				GCC_WARN_UNUSED_FUNCTION = YES;
				GCC_WARN_UNUSED_VARIABLE = YES;
				MACOSX_DEPLOYMENT_TARGET = 10.9;
				SDKROOT = macosx;
			};
			name = Release;
		};
		82A10A1918CDC6B300AA0689 /* Debug */ = {
			isa = XCBuildConfiguration;
			buildSettings = {
				HEADER_SEARCH_PATHS = (
					"$(inherited)",
					/Applications/Xcode.app/Contents/Developer/Toolchains/XcodeDefault.xctoolchain/usr/include,
					..,
				);
				PRODUCT_NAME = "$(TARGET_NAME)";
			};
			name = Debug;
		};
		82A10A1A18CDC6B300AA0689 /* Release */ = {
			isa = XCBuildConfiguration;
			buildSettings = {
				HEADER_SEARCH_PATHS = (
					"$(inherited)",
					/Applications/Xcode.app/Contents/Developer/Toolchains/XcodeDefault.xctoolchain/usr/include,
					..,
				);
				PRODUCT_NAME = "$(TARGET_NAME)";
			};
			name = Release;
		};
/* End XCBuildConfiguration section */

/* Begin XCConfigurationList section */
		82A10A0A18CDC6B300AA0689 /* Build configuration list for PBXProject "cplusplus00" */ = {
			isa = XCConfigurationList;
			buildConfigurations = (
				82A10A1618CDC6B300AA0689 /* Debug */,
				82A10A1718CDC6B300AA0689 /* Release */,
			);
			defaultConfigurationIsVisible = 0;
			defaultConfigurationName = Release;
		};
		82A10A1818CDC6B300AA0689 /* Build configuration list for PBXNativeTarget "cplusplus00" */ = {
			isa = XCConfigurationList;
			buildConfigurations = (
				82A10A1918CDC6B300AA0689 /* Debug */,
				82A10A1A18CDC6B300AA0689 /* Release */,
			);
			defaultConfigurationIsVisible = 0;
			defaultConfigurationName = Release;
		};
/* End XCConfigurationList section */
	};
	rootObject = 82A10A0718CDC6B300AA0689 /* Project object */;
}
